
Microsoft Visual Studio Solution File, Format Version 12.00
# Visual Studio Version 16
VisualStudioVersion = 25.0.1705.0
MinimumVisualStudioVersion = 10.0.40219.1
Project("{FAE04EC0-301F-11D3-BF4B-00C04F79EFBC}") = "OperatorExercise", "OperatorExercise\OperatorExercise.csproj", "{5DAFADBE-4CE5-4AE1-800E-BBD0F0A1FE24}"
EndProject
Global
	GlobalSection(SolutionConfigurationPlatforms) = preSolution
		Debug|Any CPU = Debug|Any CPU
		Release|Any CPU = Release|Any CPU
	EndGlobalSection
	GlobalSection(ProjectConfigurationPlatforms) = postSolution
		{5DAFADBE-4CE5-4AE1-800E-BBD0F0A1FE24}.Debug|Any CPU.ActiveCfg = Debug|Any CPU
		{5DAFADBE-4CE5-4AE1-800E-BBD0F0A1FE24}.Debug|Any CPU.Build.0 = Debug|Any CPU
		{5DAFADBE-4CE5-4AE1-800E-BBD0F0A1FE24}.Release|Any CPU.ActiveCfg = Release|Any CPU
		{5DAFADBE-4CE5-4AE1-800E-BBD0F0A1FE24}.Release|Any CPU.Build.0 = Release|Any CPU
	EndGlobalSection
	GlobalSection(SolutionProperties) = preSolution
		HideSolutionNode = FALSE
	EndGlobalSection
	GlobalSection(ExtensibilityGlobals) = postSolution
		SolutionGuid = {A14BE3CE-16DA-4185-874A-8BD3C0305302}
	EndGlobalSection
EndGlobal
